
Microsoft Visual Studio Solution File, Format Version 12.00
# Visual Studio 15
VisualStudioVersion = 15.0.28307.1831
MinimumVisualStudioVersion = 10.0.40219.1
Project("{FAE04EC0-301F-11D3-BF4B-00C04F79EFBC}") = "test", "test\test.csproj", "{120665A9-6E85-4C13-8705-654A674F8713}"
EndProject
Global
	GlobalSection(SolutionConfigurationPlatforms) = preSolution
		Debug|Any CPU = Debug|Any CPU
		Release|Any CPU = Release|Any CPU
	EndGlobalSection
	GlobalSection(ProjectConfigurationPlatforms) = postSolution
		{120665A9-6E85-4C13-8705-654A674F8713}.Debug|Any CPU.ActiveCfg = Debug|Any CPU
		{120665A9-6E85-4C13-8705-654A674F8713}.Debug|Any CPU.Build.0 = Debug|Any CPU
		{120665A9-6E85-4C13-8705-654A674F8713}.Release|Any CPU.ActiveCfg = Release|Any CPU
		{120665A9-6E85-4C13-8705-654A674F8713}.Release|Any CPU.Build.0 = Release|Any CPU
	EndGlobalSection
	GlobalSection(SolutionProperties) = preSolution
		HideSolutionNode = FALSE
	EndGlobalSection
	GlobalSection(ExtensibilityGlobals) = postSolution
		SolutionGuid = {63282CD9-F7E7-41C8-B8F5-E463DF4B9919}
	EndGlobalSection
EndGlobal
